
Microsoft Visual Studio Solution File, Format Version 12.00
# Visual Studio Version 16
VisualStudioVersion = 16.0.29728.190
MinimumVisualStudioVersion = 10.0.40219.1
Project("{FAE04EC0-301F-11D3-BF4B-00C04F79EFBC}") = "LogisticProject", "LogisticProject\LogisticProject.csproj", "{18478EE8-3806-4CF3-97D3-50A75FBA317D}"
EndProject
Global
	GlobalSection(SolutionConfigurationPlatforms) = preSolution
		Debug|Any CPU = Debug|Any CPU
		Release|Any CPU = Release|Any CPU
	EndGlobalSection
	GlobalSection(ProjectConfigurationPlatforms) = postSolution
		{18478EE8-3806-4CF3-97D3-50A75FBA317D}.Debug|Any CPU.ActiveCfg = Debug|Any CPU
		{18478EE8-3806-4CF3-97D3-50A75FBA317D}.Debug|Any CPU.Build.0 = Debug|Any CPU
		{18478EE8-3806-4CF3-97D3-50A75FBA317D}.Release|Any CPU.ActiveCfg = Release|Any CPU
		{18478EE8-3806-4CF3-97D3-50A75FBA317D}.Release|Any CPU.Build.0 = Release|Any CPU
	EndGlobalSection
	GlobalSection(SolutionProperties) = preSolution
		HideSolutionNode = FALSE
	EndGlobalSection
	GlobalSection(ExtensibilityGlobals) = postSolution
		SolutionGuid = {EDAFBA3B-7725-41FC-9A7A-EE99E7913360}
	EndGlobalSection
EndGlobal
